
Microsoft Visual Studio Solution File, Format Version 12.00
# Visual Studio Version 17
VisualStudioVersion = 17.6.33723.286
MinimumVisualStudioVersion = 10.0.40219.1
Project("{FAE04EC0-301F-11D3-BF4B-00C04F79EFBC}") = "testconsole002", "testconsole002.csproj", "{FACF0A4B-FD0C-42A4-805F-152D9822D8E1}"
EndProject
Global
	GlobalSection(SolutionConfigurationPlatforms) = preSolution
		Debug|Any CPU = Debug|Any CPU
		Release|Any CPU = Release|Any CPU
	EndGlobalSection
	GlobalSection(ProjectConfigurationPlatforms) = postSolution
		{FACF0A4B-FD0C-42A4-805F-152D9822D8E1}.Debug|Any CPU.ActiveCfg = Debug|Any CPU
		{FACF0A4B-FD0C-42A4-805F-152D9822D8E1}.Debug|Any CPU.Build.0 = Debug|Any CPU
		{FACF0A4B-FD0C-42A4-805F-152D9822D8E1}.Release|Any CPU.ActiveCfg = Release|Any CPU
		{FACF0A4B-FD0C-42A4-805F-152D9822D8E1}.Release|Any CPU.Build.0 = Release|Any CPU
	EndGlobalSection
	GlobalSection(SolutionProperties) = preSolution
		HideSolutionNode = FALSE
	EndGlobalSection
	GlobalSection(ExtensibilityGlobals) = postSolution
		SolutionGuid = {FFCB13C6-E3FA-4C18-9D86-52D541CA854D}
	EndGlobalSection
EndGlobal
