
Microsoft Visual Studio Solution File, Format Version 12.00
# Visual Studio Version 17
VisualStudioVersion = 17.6.33723.286
MinimumVisualStudioVersion = 10.0.40219.1
Project("{FAE04EC0-301F-11D3-BF4B-00C04F79EFBC}") = "testConsole004", "testConsole004.csproj", "{F7126D1C-5201-4ECD-9C4A-835302D1CDB0}"
EndProject
Global
	GlobalSection(SolutionConfigurationPlatforms) = preSolution
		Debug|Any CPU = Debug|Any CPU
		Release|Any CPU = Release|Any CPU
	EndGlobalSection
	GlobalSection(ProjectConfigurationPlatforms) = postSolution
		{F7126D1C-5201-4ECD-9C4A-835302D1CDB0}.Debug|Any CPU.ActiveCfg = Debug|Any CPU
		{F7126D1C-5201-4ECD-9C4A-835302D1CDB0}.Debug|Any CPU.Build.0 = Debug|Any CPU
		{F7126D1C-5201-4ECD-9C4A-835302D1CDB0}.Release|Any CPU.ActiveCfg = Release|Any CPU
		{F7126D1C-5201-4ECD-9C4A-835302D1CDB0}.Release|Any CPU.Build.0 = Release|Any CPU
	EndGlobalSection
	GlobalSection(SolutionProperties) = preSolution
		HideSolutionNode = FALSE
	EndGlobalSection
	GlobalSection(ExtensibilityGlobals) = postSolution
		SolutionGuid = {3ACF550B-D8C0-4D32-BC7C-F2F54031716A}
	EndGlobalSection
EndGlobal
