
Microsoft Visual Studio Solution File, Format Version 12.00
# Visual Studio Version 17
VisualStudioVersion = 17.6.33723.286
MinimumVisualStudioVersion = 10.0.40219.1
Project("{FAE04EC0-301F-11D3-BF4B-00C04F79EFBC}") = "market", "market.csproj", "{5165FC6B-C579-4284-B4AA-0615D993D691}"
EndProject
Global
	GlobalSection(SolutionConfigurationPlatforms) = preSolution
		Debug|Any CPU = Debug|Any CPU
		Release|Any CPU = Release|Any CPU
	EndGlobalSection
	GlobalSection(ProjectConfigurationPlatforms) = postSolution
		{5165FC6B-C579-4284-B4AA-0615D993D691}.Debug|Any CPU.ActiveCfg = Debug|Any CPU
		{5165FC6B-C579-4284-B4AA-0615D993D691}.Debug|Any CPU.Build.0 = Debug|Any CPU
		{5165FC6B-C579-4284-B4AA-0615D993D691}.Release|Any CPU.ActiveCfg = Release|Any CPU
		{5165FC6B-C579-4284-B4AA-0615D993D691}.Release|Any CPU.Build.0 = Release|Any CPU
	EndGlobalSection
	GlobalSection(SolutionProperties) = preSolution
		HideSolutionNode = FALSE
	EndGlobalSection
	GlobalSection(ExtensibilityGlobals) = postSolution
		SolutionGuid = {0ED9E799-C20B-4341-BA56-9814609AEC64}
	EndGlobalSection
EndGlobal
