
Microsoft Visual Studio Solution File, Format Version 12.00
# Visual Studio Version 17
VisualStudioVersion = 17.6.33723.286
MinimumVisualStudioVersion = 10.0.40219.1
Project("{FAE04EC0-301F-11D3-BF4B-00C04F79EFBC}") = "Potal", "Potal.csproj", "{219DE577-D278-4196-A4A4-E80F087B03B5}"
EndProject
Global
	GlobalSection(SolutionConfigurationPlatforms) = preSolution
		Debug|Any CPU = Debug|Any CPU
		Release|Any CPU = Release|Any CPU
	EndGlobalSection
	GlobalSection(ProjectConfigurationPlatforms) = postSolution
		{219DE577-D278-4196-A4A4-E80F087B03B5}.Debug|Any CPU.ActiveCfg = Debug|Any CPU
		{219DE577-D278-4196-A4A4-E80F087B03B5}.Debug|Any CPU.Build.0 = Debug|Any CPU
		{219DE577-D278-4196-A4A4-E80F087B03B5}.Release|Any CPU.ActiveCfg = Release|Any CPU
		{219DE577-D278-4196-A4A4-E80F087B03B5}.Release|Any CPU.Build.0 = Release|Any CPU
	EndGlobalSection
	GlobalSection(SolutionProperties) = preSolution
		HideSolutionNode = FALSE
	EndGlobalSection
	GlobalSection(ExtensibilityGlobals) = postSolution
		SolutionGuid = {A3BF2A67-7C28-4C7F-A851-88C1148D0432}
	EndGlobalSection
EndGlobal
